
Microsoft Visual Studio Solution File, Format Version 12.00
# Visual Studio Version 16
VisualStudioVersion = 16.0.32002.261
MinimumVisualStudioVersion = 10.0.40219.1
Project("{FAE04EC0-301F-11D3-BF4B-00C04F79EFBC}") = "ProductReviewManagementWithLinq", "ProductReviewManagementWithLinq\ProductReviewManagementWithLinq.csproj", "{FC522D76-6918-43F5-BBD0-5E21A3EC625C}"
EndProject
Global
	GlobalSection(SolutionConfigurationPlatforms) = preSolution
		Debug|Any CPU = Debug|Any CPU
		Release|Any CPU = Release|Any CPU
	EndGlobalSection
	GlobalSection(ProjectConfigurationPlatforms) = postSolution
		{FC522D76-6918-43F5-BBD0-5E21A3EC625C}.Debug|Any CPU.ActiveCfg = Debug|Any CPU
		{FC522D76-6918-43F5-BBD0-5E21A3EC625C}.Debug|Any CPU.Build.0 = Debug|Any CPU
		{FC522D76-6918-43F5-BBD0-5E21A3EC625C}.Release|Any CPU.ActiveCfg = Release|Any CPU
		{FC522D76-6918-43F5-BBD0-5E21A3EC625C}.Release|Any CPU.Build.0 = Release|Any CPU
	EndGlobalSection
	GlobalSection(SolutionProperties) = preSolution
		HideSolutionNode = FALSE
	EndGlobalSection
	GlobalSection(ExtensibilityGlobals) = postSolution
		SolutionGuid = {24D6AD92-530B-42F8-BE38-8DD15B50CF96}
	EndGlobalSection
EndGlobal
